
Microsoft Visual Studio Solution File, Format Version 12.00
Project("{FAE04EC0-301F-11D3-BF4B-00C04F79EFBC}") = "SomTodayProxy", "SomTodayProxy\SomTodayProxy.csproj", "{5CAF3035-EF33-447B-A211-F690FCED554C}"
EndProject
Global
	GlobalSection(SolutionConfigurationPlatforms) = preSolution
		Debug|Any CPU = Debug|Any CPU
		Release|Any CPU = Release|Any CPU
	EndGlobalSection
	GlobalSection(ProjectConfigurationPlatforms) = postSolution
		{5CAF3035-EF33-447B-A211-F690FCED554C}.Debug|Any CPU.ActiveCfg = Debug|Any CPU
		{5CAF3035-EF33-447B-A211-F690FCED554C}.Debug|Any CPU.Build.0 = Debug|Any CPU
		{5CAF3035-EF33-447B-A211-F690FCED554C}.Release|Any CPU.ActiveCfg = Release|Any CPU
		{5CAF3035-EF33-447B-A211-F690FCED554C}.Release|Any CPU.Build.0 = Release|Any CPU
	EndGlobalSection
EndGlobal
